
Microsoft Visual Studio Solution File, Format Version 12.00
# Visual Studio Version 17
VisualStudioVersion = 17.1.32414.318
MinimumVisualStudioVersion = 10.0.40219.1
Project("{9A19103F-16F7-4668-BE54-9A1E7A4F7556}") = "_build", "..\build\_build.csproj", "{7FCE10A1-595A-4D6F-9E3A-69DF11EDAB97}"
EndProject
Project("{9A19103F-16F7-4668-BE54-9A1E7A4F7556}") = "HoleDesignation", "HoleDesignation\HoleDesignation.csproj", "{DB6C48A7-5BB6-4AEC-9E12-733B2264DE50}"
EndProject
Project("{9A19103F-16F7-4668-BE54-9A1E7A4F7556}") = "GENPRO_Design", "GENPRO_Design\GENPRO_Design.csproj", "{2570C015-852F-497D-AF98-8DEA7862B1F3}"
EndProject
Global
	GlobalSection(SolutionConfigurationPlatforms) = preSolution
		Debug|Any CPU = Debug|Any CPU
		Debug|x64 = Debug|x64
		R2020|Any CPU = R2020|Any CPU
		R2020|x64 = R2020|x64
		R2021|Any CPU = R2021|Any CPU
		R2021|x64 = R2021|x64
		R2022|Any CPU = R2022|Any CPU
		R2022|x64 = R2022|x64
		Release|Any CPU = Release|Any CPU
		Release|x64 = Release|x64
	EndGlobalSection
	GlobalSection(ProjectConfigurationPlatforms) = postSolution
		{7FCE10A1-595A-4D6F-9E3A-69DF11EDAB97}.Debug|Any CPU.ActiveCfg = Debug|Any CPU
		{7FCE10A1-595A-4D6F-9E3A-69DF11EDAB97}.Debug|x64.ActiveCfg = Debug|x64
		{7FCE10A1-595A-4D6F-9E3A-69DF11EDAB97}.R2020|Any CPU.ActiveCfg = R2020|Any CPU
		{7FCE10A1-595A-4D6F-9E3A-69DF11EDAB97}.R2020|Any CPU.Build.0 = R2020|Any CPU
		{7FCE10A1-595A-4D6F-9E3A-69DF11EDAB97}.R2020|x64.ActiveCfg = Debug|Any CPU
		{7FCE10A1-595A-4D6F-9E3A-69DF11EDAB97}.R2021|Any CPU.ActiveCfg = R2021|Any CPU
		{7FCE10A1-595A-4D6F-9E3A-69DF11EDAB97}.R2021|Any CPU.Build.0 = R2021|Any CPU
		{7FCE10A1-595A-4D6F-9E3A-69DF11EDAB97}.R2021|x64.ActiveCfg = Debug|x64
		{7FCE10A1-595A-4D6F-9E3A-69DF11EDAB97}.R2022|Any CPU.ActiveCfg = R2022|Any CPU
		{7FCE10A1-595A-4D6F-9E3A-69DF11EDAB97}.R2022|Any CPU.Build.0 = R2022|Any CPU
		{7FCE10A1-595A-4D6F-9E3A-69DF11EDAB97}.R2022|x64.ActiveCfg = Debug|x64
		{7FCE10A1-595A-4D6F-9E3A-69DF11EDAB97}.Release|Any CPU.ActiveCfg = Release|Any CPU
		{7FCE10A1-595A-4D6F-9E3A-69DF11EDAB97}.Release|x64.ActiveCfg = Release|x64
		{DB6C48A7-5BB6-4AEC-9E12-733B2264DE50}.Debug|Any CPU.ActiveCfg = Debug|x64
		{DB6C48A7-5BB6-4AEC-9E12-733B2264DE50}.Debug|Any CPU.Build.0 = Debug|x64
		{DB6C48A7-5BB6-4AEC-9E12-733B2264DE50}.Debug|x64.ActiveCfg = Debug|x64
		{DB6C48A7-5BB6-4AEC-9E12-733B2264DE50}.Debug|x64.Build.0 = Debug|x64
		{DB6C48A7-5BB6-4AEC-9E12-733B2264DE50}.R2020|Any CPU.ActiveCfg = R2020|Any CPU
		{DB6C48A7-5BB6-4AEC-9E12-733B2264DE50}.R2020|Any CPU.Build.0 = R2020|Any CPU
		{DB6C48A7-5BB6-4AEC-9E12-733B2264DE50}.R2020|x64.ActiveCfg = R2020|x64
		{DB6C48A7-5BB6-4AEC-9E12-733B2264DE50}.R2020|x64.Build.0 = R2020|x64
		{DB6C48A7-5BB6-4AEC-9E12-733B2264DE50}.R2021|Any CPU.ActiveCfg = R2021|Any CPU
		{DB6C48A7-5BB6-4AEC-9E12-733B2264DE50}.R2021|Any CPU.Build.0 = R2021|Any CPU
		{DB6C48A7-5BB6-4AEC-9E12-733B2264DE50}.R2021|x64.ActiveCfg = R2021|x64
		{DB6C48A7-5BB6-4AEC-9E12-733B2264DE50}.R2021|x64.Build.0 = R2021|x64
		{DB6C48A7-5BB6-4AEC-9E12-733B2264DE50}.R2022|Any CPU.ActiveCfg = R2022|Any CPU
		{DB6C48A7-5BB6-4AEC-9E12-733B2264DE50}.R2022|Any CPU.Build.0 = R2022|Any CPU
		{DB6C48A7-5BB6-4AEC-9E12-733B2264DE50}.R2022|x64.ActiveCfg = R2022|x64
		{DB6C48A7-5BB6-4AEC-9E12-733B2264DE50}.R2022|x64.Build.0 = R2022|x64
		{DB6C48A7-5BB6-4AEC-9E12-733B2264DE50}.Release|Any CPU.ActiveCfg = R2020|x64
		{DB6C48A7-5BB6-4AEC-9E12-733B2264DE50}.Release|Any CPU.Build.0 = R2020|x64
		{DB6C48A7-5BB6-4AEC-9E12-733B2264DE50}.Release|x64.ActiveCfg = Debug|x64
		{DB6C48A7-5BB6-4AEC-9E12-733B2264DE50}.Release|x64.Build.0 = Debug|x64
		{2570C015-852F-497D-AF98-8DEA7862B1F3}.Debug|Any CPU.ActiveCfg = Debug|x64
		{2570C015-852F-497D-AF98-8DEA7862B1F3}.Debug|Any CPU.Build.0 = Debug|x64
		{2570C015-852F-497D-AF98-8DEA7862B1F3}.Debug|x64.ActiveCfg = Debug|x64
		{2570C015-852F-497D-AF98-8DEA7862B1F3}.Debug|x64.Build.0 = Debug|x64
		{2570C015-852F-497D-AF98-8DEA7862B1F3}.R2020|Any CPU.ActiveCfg = R2020|Any CPU
		{2570C015-852F-497D-AF98-8DEA7862B1F3}.R2020|Any CPU.Build.0 = R2020|Any CPU
		{2570C015-852F-497D-AF98-8DEA7862B1F3}.R2020|x64.ActiveCfg = R2020|x64
		{2570C015-852F-497D-AF98-8DEA7862B1F3}.R2020|x64.Build.0 = R2020|x64
		{2570C015-852F-497D-AF98-8DEA7862B1F3}.R2021|Any CPU.ActiveCfg = R2021|Any CPU
		{2570C015-852F-497D-AF98-8DEA7862B1F3}.R2021|Any CPU.Build.0 = R2021|Any CPU
		{2570C015-852F-497D-AF98-8DEA7862B1F3}.R2021|x64.ActiveCfg = R2021|x64
		{2570C015-852F-497D-AF98-8DEA7862B1F3}.R2021|x64.Build.0 = R2021|x64
		{2570C015-852F-497D-AF98-8DEA7862B1F3}.R2022|Any CPU.ActiveCfg = R2022|Any CPU
		{2570C015-852F-497D-AF98-8DEA7862B1F3}.R2022|Any CPU.Build.0 = R2022|Any CPU
		{2570C015-852F-497D-AF98-8DEA7862B1F3}.R2022|x64.ActiveCfg = R2022|x64
		{2570C015-852F-497D-AF98-8DEA7862B1F3}.R2022|x64.Build.0 = R2022|x64
		{2570C015-852F-497D-AF98-8DEA7862B1F3}.Release|Any CPU.ActiveCfg = R2020|x64
		{2570C015-852F-497D-AF98-8DEA7862B1F3}.Release|Any CPU.Build.0 = R2020|x64
		{2570C015-852F-497D-AF98-8DEA7862B1F3}.Release|x64.ActiveCfg = R2020|x64
		{2570C015-852F-497D-AF98-8DEA7862B1F3}.Release|x64.Build.0 = R2020|x64
	EndGlobalSection
	GlobalSection(SolutionProperties) = preSolution
		HideSolutionNode = FALSE
	EndGlobalSection
	GlobalSection(ExtensibilityGlobals) = postSolution
		SolutionGuid = {03C77D60-E23C-43AA-AF40-8AE6C0F41928}
	EndGlobalSection
EndGlobal
